
Microsoft Visual Studio Solution File, Format Version 12.00
# Visual Studio 2012
Project("{FAE04EC0-301F-11D3-BF4B-00C04F79EFBC}") = "TaskApp", "TaskApp\TaskApp.csproj", "{4629D003-10F8-4686-8524-6F9DFA0159A0}"
EndProject
Project("{FAE04EC0-301F-11D3-BF4B-00C04F79EFBC}") = "TaskApp.Tests", "TaskApp.Tests\TaskApp.Tests.csproj", "{E8FF5959-9208-464A-8384-293F3E27DF21}"
EndProject
Global
	GlobalSection(SolutionConfigurationPlatforms) = preSolution
		Debug|Any CPU = Debug|Any CPU
		Release|Any CPU = Release|Any CPU
	EndGlobalSection
	GlobalSection(ProjectConfigurationPlatforms) = postSolution
		{4629D003-10F8-4686-8524-6F9DFA0159A0}.Debug|Any CPU.ActiveCfg = Debug|Any CPU
		{4629D003-10F8-4686-8524-6F9DFA0159A0}.Debug|Any CPU.Build.0 = Debug|Any CPU
		{4629D003-10F8-4686-8524-6F9DFA0159A0}.Release|Any CPU.ActiveCfg = Release|Any CPU
		{4629D003-10F8-4686-8524-6F9DFA0159A0}.Release|Any CPU.Build.0 = Release|Any CPU
		{E8FF5959-9208-464A-8384-293F3E27DF21}.Debug|Any CPU.ActiveCfg = Debug|Any CPU
		{E8FF5959-9208-464A-8384-293F3E27DF21}.Debug|Any CPU.Build.0 = Debug|Any CPU
		{E8FF5959-9208-464A-8384-293F3E27DF21}.Release|Any CPU.ActiveCfg = Release|Any CPU
		{E8FF5959-9208-464A-8384-293F3E27DF21}.Release|Any CPU.Build.0 = Release|Any CPU
	EndGlobalSection
	GlobalSection(SolutionProperties) = preSolution
		HideSolutionNode = FALSE
	EndGlobalSection
EndGlobal
