
Microsoft Visual Studio Solution File, Format Version 12.00
# Visual Studio 2012
Project("{FAE04EC0-301F-11D3-BF4B-00C04F79EFBC}") = "TaskApp.Domain.Tests", "TaskApp.Tests\TaskApp.Domain.Tests.csproj", "{E8FF5959-9208-464A-8384-293F3E27DF21}"
EndProject
Project("{FAE04EC0-301F-11D3-BF4B-00C04F79EFBC}") = "TaskApp.Repository.Tests", "TaskAppRepository.Tests\TaskApp.Repository.Tests.csproj", "{FF141CE3-E334-445F-A481-66F0C482A4E4}"
EndProject
Project("{FAE04EC0-301F-11D3-BF4B-00C04F79EFBC}") = "TaskApp.Service.Tests", "TaskAppService.Tests\TaskApp.Service.Tests.csproj", "{E8A334B2-7ECD-4B17-8254-B55AD2A51920}"
EndProject
Project("{FAE04EC0-301F-11D3-BF4B-00C04F79EFBC}") = "TaskApp.Business.Tests", "TaskApp.Business.Tests\TaskApp.Business.Tests.csproj", "{EAA44CE1-D124-457E-9313-DCEDACB2AFF6}"
EndProject
Project("{FAE04EC0-301F-11D3-BF4B-00C04F79EFBC}") = "TaskApp.View", "TaskApp.View\TaskApp.View.csproj", "{20FCC6B4-6F93-4CE8-86C9-154E5B858D2B}"
EndProject
Project("{FAE04EC0-301F-11D3-BF4B-00C04F79EFBC}") = "TaskApp.View.Tests", "TaskApp.View.Tests\TaskApp.View.Tests.csproj", "{877789E5-10B9-446E-9409-CF44C09A173D}"
EndProject
Project("{FAE04EC0-301F-11D3-BF4B-00C04F79EFBC}") = "TaskApp.Business", "TaskApp.Business.ClassLibrary\TaskApp.Business.csproj", "{ACD02FF7-C5D3-459C-A694-D6CC26CF72E7}"
EndProject
Project("{FAE04EC0-301F-11D3-BF4B-00C04F79EFBC}") = "TaskApp.Domain", "TaskApp.Domain.Library\TaskApp.Domain.csproj", "{250C9D65-1849-420F-9BA0-A9302935571D}"
EndProject
Project("{FAE04EC0-301F-11D3-BF4B-00C04F79EFBC}") = "TaskApp.Repository", "TaskApp.Repository.Library\TaskApp.Repository.csproj", "{DC592642-05B4-48E1-A3E1-5A74D6A52B08}"
EndProject
Project("{FAE04EC0-301F-11D3-BF4B-00C04F79EFBC}") = "TaskApp.Service", "TaskApp.Service.Library\TaskApp.Service.csproj", "{D42EF740-CB5A-4133-98BF-96D276BF0ABF}"
EndProject
Global
	GlobalSection(SolutionConfigurationPlatforms) = preSolution
		Debug|Any CPU = Debug|Any CPU
		Release|Any CPU = Release|Any CPU
	EndGlobalSection
	GlobalSection(ProjectConfigurationPlatforms) = postSolution
		{E8FF5959-9208-464A-8384-293F3E27DF21}.Debug|Any CPU.ActiveCfg = Debug|Any CPU
		{E8FF5959-9208-464A-8384-293F3E27DF21}.Debug|Any CPU.Build.0 = Debug|Any CPU
		{E8FF5959-9208-464A-8384-293F3E27DF21}.Release|Any CPU.ActiveCfg = Release|Any CPU
		{E8FF5959-9208-464A-8384-293F3E27DF21}.Release|Any CPU.Build.0 = Release|Any CPU
		{FF141CE3-E334-445F-A481-66F0C482A4E4}.Debug|Any CPU.ActiveCfg = Debug|Any CPU
		{FF141CE3-E334-445F-A481-66F0C482A4E4}.Debug|Any CPU.Build.0 = Debug|Any CPU
		{FF141CE3-E334-445F-A481-66F0C482A4E4}.Release|Any CPU.ActiveCfg = Release|Any CPU
		{FF141CE3-E334-445F-A481-66F0C482A4E4}.Release|Any CPU.Build.0 = Release|Any CPU
		{E8A334B2-7ECD-4B17-8254-B55AD2A51920}.Debug|Any CPU.ActiveCfg = Debug|Any CPU
		{E8A334B2-7ECD-4B17-8254-B55AD2A51920}.Debug|Any CPU.Build.0 = Debug|Any CPU
		{E8A334B2-7ECD-4B17-8254-B55AD2A51920}.Release|Any CPU.ActiveCfg = Release|Any CPU
		{E8A334B2-7ECD-4B17-8254-B55AD2A51920}.Release|Any CPU.Build.0 = Release|Any CPU
		{EAA44CE1-D124-457E-9313-DCEDACB2AFF6}.Debug|Any CPU.ActiveCfg = Debug|Any CPU
		{EAA44CE1-D124-457E-9313-DCEDACB2AFF6}.Debug|Any CPU.Build.0 = Debug|Any CPU
		{EAA44CE1-D124-457E-9313-DCEDACB2AFF6}.Release|Any CPU.ActiveCfg = Release|Any CPU
		{EAA44CE1-D124-457E-9313-DCEDACB2AFF6}.Release|Any CPU.Build.0 = Release|Any CPU
		{20FCC6B4-6F93-4CE8-86C9-154E5B858D2B}.Debug|Any CPU.ActiveCfg = Debug|Any CPU
		{20FCC6B4-6F93-4CE8-86C9-154E5B858D2B}.Debug|Any CPU.Build.0 = Debug|Any CPU
		{20FCC6B4-6F93-4CE8-86C9-154E5B858D2B}.Release|Any CPU.ActiveCfg = Release|Any CPU
		{20FCC6B4-6F93-4CE8-86C9-154E5B858D2B}.Release|Any CPU.Build.0 = Release|Any CPU
		{877789E5-10B9-446E-9409-CF44C09A173D}.Debug|Any CPU.ActiveCfg = Debug|Any CPU
		{877789E5-10B9-446E-9409-CF44C09A173D}.Debug|Any CPU.Build.0 = Debug|Any CPU
		{877789E5-10B9-446E-9409-CF44C09A173D}.Release|Any CPU.ActiveCfg = Release|Any CPU
		{877789E5-10B9-446E-9409-CF44C09A173D}.Release|Any CPU.Build.0 = Release|Any CPU
		{ACD02FF7-C5D3-459C-A694-D6CC26CF72E7}.Debug|Any CPU.ActiveCfg = Debug|Any CPU
		{ACD02FF7-C5D3-459C-A694-D6CC26CF72E7}.Debug|Any CPU.Build.0 = Debug|Any CPU
		{ACD02FF7-C5D3-459C-A694-D6CC26CF72E7}.Release|Any CPU.ActiveCfg = Release|Any CPU
		{ACD02FF7-C5D3-459C-A694-D6CC26CF72E7}.Release|Any CPU.Build.0 = Release|Any CPU
		{250C9D65-1849-420F-9BA0-A9302935571D}.Debug|Any CPU.ActiveCfg = Debug|Any CPU
		{250C9D65-1849-420F-9BA0-A9302935571D}.Debug|Any CPU.Build.0 = Debug|Any CPU
		{250C9D65-1849-420F-9BA0-A9302935571D}.Release|Any CPU.ActiveCfg = Release|Any CPU
		{250C9D65-1849-420F-9BA0-A9302935571D}.Release|Any CPU.Build.0 = Release|Any CPU
		{DC592642-05B4-48E1-A3E1-5A74D6A52B08}.Debug|Any CPU.ActiveCfg = Debug|Any CPU
		{DC592642-05B4-48E1-A3E1-5A74D6A52B08}.Debug|Any CPU.Build.0 = Debug|Any CPU
		{DC592642-05B4-48E1-A3E1-5A74D6A52B08}.Release|Any CPU.ActiveCfg = Release|Any CPU
		{DC592642-05B4-48E1-A3E1-5A74D6A52B08}.Release|Any CPU.Build.0 = Release|Any CPU
		{D42EF740-CB5A-4133-98BF-96D276BF0ABF}.Debug|Any CPU.ActiveCfg = Debug|Any CPU
		{D42EF740-CB5A-4133-98BF-96D276BF0ABF}.Debug|Any CPU.Build.0 = Debug|Any CPU
		{D42EF740-CB5A-4133-98BF-96D276BF0ABF}.Release|Any CPU.ActiveCfg = Release|Any CPU
		{D42EF740-CB5A-4133-98BF-96D276BF0ABF}.Release|Any CPU.Build.0 = Release|Any CPU
	EndGlobalSection
	GlobalSection(SolutionProperties) = preSolution
		HideSolutionNode = FALSE
	EndGlobalSection
EndGlobal
